{
  "lockfile_version": "1",
  "packages": {
    "github:NixOS/nixpkgs/nixpkgs-unstable": {
      "last_modified": "2025-07-31T04:07:16Z",
      "resolved": "github:NixOS/nixpkgs/8679b16e11becd487b45d568358ddf9d5640d860?lastModified=1753934836&narHash=sha256-G06FmIBj0I5bMW1Q8hAEIl5N7IHMK7%2BTa4KA%2BBmneDA%3D"
    },
    "python@3.12": {
      "last_modified": "2025-07-13T22:45:35Z",
      "plugin_version": "0.0.4",
      "resolved": "github:NixOS/nixpkgs/a421ac6595024edcfbb1ef950a3712b89161c359#python312",
      "source": "devbox-search",
      "version": "3.12.11",
      "systems": {
        "aarch64-darwin": {
          "outputs": [
            {
              "name": "out",
              "path": "/nix/store/a97d77dxagnddkn5484kfc2gyj3dcdnq-python3-3.12.11",
              "default": true
            }
          ],
          "store_path": "/nix/store/a97d77dxagnddkn5484kfc2gyj3dcdnq-python3-3.12.11"
        },
        "aarch64-linux": {
          "outputs": [
            {
              "name": "out",
              "path": "/nix/store/0psncrl7sy6gsbzcwcxi19nhm987xk1w-python3-3.12.11",
              "default": true
            },
            {
              "name": "debug",
              "path": "/nix/store/kgkgkq90m387sam8bc4p7ab3a96wd59a-python3-3.12.11-debug"
            }
          ],
          "store_path": "/nix/store/0psncrl7sy6gsbzcwcxi19nhm987xk1w-python3-3.12.11"
        },
        "x86_64-darwin": {
          "outputs": [
            {
              "name": "out",
              "path": "/nix/store/r8zs6n1yjghm89n62zid68bflz3252c2-python3-3.12.11",
              "default": true
            }
          ],
          "store_path": "/nix/store/r8zs6n1yjghm89n62zid68bflz3252c2-python3-3.12.11"
        },
        "x86_64-linux": {
          "outputs": [
            {
              "name": "out",
              "path": "/nix/store/gclk0nvp36gdc05v16ham4f86la5wnwi-python3-3.12.11",
              "default": true
            },
            {
              "name": "debug",
              "path": "/nix/store/vcfwifqcb82znj7bfg6vkljny8wsyc93-python3-3.12.11-debug"
            }
          ],
          "store_path": "/nix/store/gclk0nvp36gdc05v16ham4f86la5wnwi-python3-3.12.11"
        }
      }
    }
  }
}
